{
  "nodes": {
    "all-agda": {
      "inputs": {
        "haskellNix": "haskellNix",
        "nixpkgs": "nixpkgs"
      },
      "locked": {
        "lastModified": 1613668004,
        "narHash": "sha256-hSUezIFUVJ6hokTnftv3HqvVcHHvT1ivdwUrJb4u+uY=",
        "owner": "alexarice",
        "repo": "all-agda",
        "rev": "4b54e7bfe80a7616b10c3d723305a27b1ece5066",
        "type": "github"
      },
      "original": {
        "owner": "alexarice",
        "repo": "all-agda",
        "type": "github"
      }
    },
    "cachix": {
      "locked": {
        "lastModified": 1617786842,
        "narHash": "sha256-nuhewc9ANLkY2dBc9ikBQmy5EdCPElHbxd/pU96HdG0=",
        "owner": "nixos",
        "repo": "nixpkgs",
        "rev": "d6f63659a7021051a46035373ed50fbea7e4e924",
        "type": "github"
      },
      "original": {
        "owner": "nixos",
        "ref": "nixos-20.09",
        "repo": "nixpkgs",
        "type": "github"
      }
    },
    "emacs-overlay": {
      "locked": {
        "lastModified": 1616214656,
        "narHash": "sha256-ceFOGcsbGlP/qtxMBlRGFH5fsbN+uGQYeHUrpgcRS4U=",
        "owner": "nix-community",
        "repo": "emacs-overlay",
        "rev": "d9530a7048f4b1c0f65825202a0ce1d111a1d39a",
        "type": "github"
      },
      "original": {
        "owner": "nix-community",
        "repo": "emacs-overlay",
        "type": "github"
      }
    },
    "haskellNix": {
      "locked": {
        "lastModified": 1611364349,
        "narHash": "sha256-Lwqa5oN0NTNWQBV8aUUmzllfAjVfyNSzEHQL8/IH/zc=",
        "owner": "input-output-hk",
        "repo": "haskell.nix",
        "rev": "3439d7519ed6154f4695d4508c44ef7ceab4285c",
        "type": "github"
      },
      "original": {
        "owner": "input-output-hk",
        "repo": "haskell.nix",
        "type": "github"
      }
    },
    "home-manager": {
      "inputs": {
        "nixpkgs": "nixpkgs_2"
      },
      "locked": {
        "lastModified": 1618177587,
        "narHash": "sha256-9y5Y7YK2W+kzXBrYkrw964xWbo2O4m5A91PohkyGkj8=",
        "owner": "nix-community",
        "repo": "home-manager",
        "rev": "0a6227d667d1d2bc6a79de24fd12becc523f2e2f",
        "type": "github"
      },
      "original": {
        "owner": "nix-community",
        "repo": "home-manager",
        "type": "github"
      }
    },
    "master": {
      "locked": {
        "lastModified": 1618217346,
        "narHash": "sha256-oMC+exravBAbyIN7PPb4CqT2m6D/57eG5zdi7uyTA/c=",
        "owner": "nixos",
        "repo": "nixpkgs",
        "rev": "a1c0d6ddbcb6d307d44b158d1056d15ad2bd05d0",
        "type": "github"
      },
      "original": {
        "owner": "nixos",
        "repo": "nixpkgs",
        "type": "github"
      }
    },
    "nixmacs": {
      "inputs": {
        "emacs-overlay": "emacs-overlay",
        "nixpkgs": "nixpkgs_3",
        "nmd": "nmd"
      },
      "locked": {
        "lastModified": 1618219479,
        "narHash": "sha256-6QF0DLBScaeE8E1OOMY7VrGNn0AJXvSat1K0PWGrLOk=",
        "owner": "alexarice",
        "repo": "nixmacs",
        "rev": "9d7af2f1c637f0123d8241c399a6e5fa74de0e2b",
        "type": "github"
      },
      "original": {
        "owner": "alexarice",
        "repo": "nixmacs",
        "type": "github"
      }
    },
    "nixpkgs": {
      "locked": {
        "lastModified": 1611219034,
        "narHash": "sha256-bgp8G3LcpvKs22/z5Cj4XQkmZq05Aa0vaP1bKl7X0zM=",
        "owner": "nixos",
        "repo": "nixpkgs",
        "rev": "f217c0ea7c148ddc0103347051555c7c252dcafb",
        "type": "github"
      },
      "original": {
        "owner": "nixos",
        "repo": "nixpkgs",
        "rev": "f217c0ea7c148ddc0103347051555c7c252dcafb",
        "type": "github"
      }
    },
    "nixpkgs-wayland": {
      "inputs": {
        "cachix": "cachix",
        "nixpkgs": "nixpkgs_5",
        "unstableSmall": "unstableSmall"
      },
      "locked": {
        "lastModified": 1618201133,
        "narHash": "sha256-0/qZN9GnQ/a3Hx72k9A15FfIViWgm9zdIpNmX3HTqUY=",
        "owner": "colemickens",
        "repo": "nixpkgs-wayland",
        "rev": "a0ffe55e2ff5b801ded9a7226b195da7251e8d3b",
        "type": "github"
      },
      "original": {
        "owner": "colemickens",
        "repo": "nixpkgs-wayland",
        "type": "github"
      }
    },
    "nixpkgs_2": {
      "locked": {
        "lastModified": 1618217346,
        "narHash": "sha256-oMC+exravBAbyIN7PPb4CqT2m6D/57eG5zdi7uyTA/c=",
        "owner": "NixOS",
        "repo": "nixpkgs",
        "rev": "a1c0d6ddbcb6d307d44b158d1056d15ad2bd05d0",
        "type": "github"
      },
      "original": {
        "id": "nixpkgs",
        "type": "indirect"
      }
    },
    "nixpkgs_3": {
      "locked": {
        "lastModified": 1617176280,
        "narHash": "sha256-xW16eLmzxJuuhGHQoiDp6+iMGDuq49lKIlAuHLbAs0k=",
        "owner": "NixOS",
        "repo": "nixpkgs",
        "rev": "268aa0d37b85c9f146ff36127c28c04ad60dfc72",
        "type": "github"
      },
      "original": {
        "id": "nixpkgs",
        "type": "indirect"
      }
    },
    "nixpkgs_4": {
      "locked": {
        "lastModified": 1618072958,
        "narHash": "sha256-QDKj58ECixtb4EJMWV5D5Lb2xdCgab1Opi4zjQWbDOg=",
        "owner": "nixos",
        "repo": "nixpkgs",
        "rev": "a73020b2a150322c9832b50baeb0296ba3b13dd7",
        "type": "github"
      },
      "original": {
        "owner": "nixos",
        "ref": "nixos-unstable",
        "repo": "nixpkgs",
        "type": "github"
      }
    },
    "nixpkgs_5": {
      "locked": {
        "lastModified": 1617808887,
        "narHash": "sha256-zXye++UlrWGhfRo01sg/ldE60MZYnhda/HK5Jaa7F7g=",
        "owner": "nixos",
        "repo": "nixpkgs",
        "rev": "d1183f3dc44b9ee5134fcbcd45555c48aa678e93",
        "type": "github"
      },
      "original": {
        "owner": "nixos",
        "ref": "nixos-unstable",
        "repo": "nixpkgs",
        "type": "github"
      }
    },
    "nmd": {
      "flake": false,
      "locked": {
        "lastModified": 1591526120,
        "narHash": "sha256-srJ+qub7TdhBwQxnjDYY5qc/3180XG616u7Ft/a0vOI=",
        "owner": "rycee",
        "repo": "nmd",
        "rev": "f204dd1e1033c891a00ae53ae29bc275c68e54dd",
        "type": "gitlab"
      },
      "original": {
        "owner": "rycee",
        "repo": "nmd",
        "type": "gitlab"
      }
    },
    "root": {
      "inputs": {
        "all-agda": "all-agda",
        "home-manager": "home-manager",
        "master": "master",
        "nixmacs": "nixmacs",
        "nixpkgs": "nixpkgs_4",
        "nixpkgs-wayland": "nixpkgs-wayland"
      }
    },
    "unstableSmall": {
      "locked": {
        "lastModified": 1617871556,
        "narHash": "sha256-FmT1iQtcA5M1N0xpw0pvsVX/0z69QP5i4xIshEY5PbM=",
        "owner": "nixos",
        "repo": "nixpkgs",
        "rev": "ff5ff66ef3c0107bd586f3521a9453e2bb4c84d8",
        "type": "github"
      },
      "original": {
        "owner": "nixos",
        "ref": "nixos-unstable-small",
        "repo": "nixpkgs",
        "type": "github"
      }
    }
  },
  "root": "root",
  "version": 7
}
