{
  "nodes": {
    "all-agda": {
      "inputs": {
        "haskellNix": "haskellNix",
        "nixpkgs": "nixpkgs"
      },
      "locked": {
        "lastModified": 1613668004,
        "narHash": "sha256-hSUezIFUVJ6hokTnftv3HqvVcHHvT1ivdwUrJb4u+uY=",
        "owner": "alexarice",
        "repo": "all-agda",
        "rev": "4b54e7bfe80a7616b10c3d723305a27b1ece5066",
        "type": "github"
      },
      "original": {
        "owner": "alexarice",
        "repo": "all-agda",
        "type": "github"
      }
    },
    "cachix": {
      "locked": {
        "lastModified": 1618358082,
        "narHash": "sha256-4vyEiTcCk7hRigwcRqDAF86YQbUzALUNxyH8SLG4oeo=",
        "owner": "nixos",
        "repo": "nixpkgs",
        "rev": "dec334fa196a4aeedb1b60d8f7d61aa00d327499",
        "type": "github"
      },
      "original": {
        "owner": "nixos",
        "ref": "nixos-20.09",
        "repo": "nixpkgs",
        "type": "github"
      }
    },
    "emacs-overlay": {
      "locked": {
        "lastModified": 1616214656,
        "narHash": "sha256-ceFOGcsbGlP/qtxMBlRGFH5fsbN+uGQYeHUrpgcRS4U=",
        "owner": "nix-community",
        "repo": "emacs-overlay",
        "rev": "d9530a7048f4b1c0f65825202a0ce1d111a1d39a",
        "type": "github"
      },
      "original": {
        "owner": "nix-community",
        "repo": "emacs-overlay",
        "type": "github"
      }
    },
    "haskellNix": {
      "locked": {
        "lastModified": 1611364349,
        "narHash": "sha256-Lwqa5oN0NTNWQBV8aUUmzllfAjVfyNSzEHQL8/IH/zc=",
        "owner": "input-output-hk",
        "repo": "haskell.nix",
        "rev": "3439d7519ed6154f4695d4508c44ef7ceab4285c",
        "type": "github"
      },
      "original": {
        "owner": "input-output-hk",
        "repo": "haskell.nix",
        "type": "github"
      }
    },
    "home-manager": {
      "inputs": {
        "nixpkgs": "nixpkgs_2"
      },
      "locked": {
        "lastModified": 1618469593,
        "narHash": "sha256-fNdt+Q3irnT3pId7PKSSVeR8/9inBrAEg4gpItoRowU=",
        "owner": "nix-community",
        "repo": "home-manager",
        "rev": "ebbbd4f2b50703409543941e7445138dc1e7392e",
        "type": "github"
      },
      "original": {
        "owner": "nix-community",
        "repo": "home-manager",
        "type": "github"
      }
    },
    "master": {
      "locked": {
        "lastModified": 1618477599,
        "narHash": "sha256-DPH93X3Hll/VotusfMKvAWwHZP/MfB5up5DNv3N+Hr4=",
        "owner": "nixos",
        "repo": "nixpkgs",
        "rev": "22c7e4f3d9e1a08e9083d4df160322c8b1d9ee19",
        "type": "github"
      },
      "original": {
        "owner": "nixos",
        "repo": "nixpkgs",
        "type": "github"
      }
    },
    "nixmacs": {
      "inputs": {
        "emacs-overlay": "emacs-overlay",
        "nixpkgs": "nixpkgs_3",
        "nmd": "nmd"
      },
      "locked": {
        "lastModified": 1618219479,
        "narHash": "sha256-6QF0DLBScaeE8E1OOMY7VrGNn0AJXvSat1K0PWGrLOk=",
        "owner": "alexarice",
        "repo": "nixmacs",
        "rev": "9d7af2f1c637f0123d8241c399a6e5fa74de0e2b",
        "type": "github"
      },
      "original": {
        "owner": "alexarice",
        "repo": "nixmacs",
        "type": "github"
      }
    },
    "nixpkgs": {
      "locked": {
        "lastModified": 1611219034,
        "narHash": "sha256-bgp8G3LcpvKs22/z5Cj4XQkmZq05Aa0vaP1bKl7X0zM=",
        "owner": "nixos",
        "repo": "nixpkgs",
        "rev": "f217c0ea7c148ddc0103347051555c7c252dcafb",
        "type": "github"
      },
      "original": {
        "owner": "nixos",
        "repo": "nixpkgs",
        "rev": "f217c0ea7c148ddc0103347051555c7c252dcafb",
        "type": "github"
      }
    },
    "nixpkgs-wayland": {
      "inputs": {
        "cachix": "cachix",
        "nixpkgs": "nixpkgs_5",
        "unstableSmall": "unstableSmall"
      },
      "locked": {
        "lastModified": 1618477375,
        "narHash": "sha256-saSEQORHk9u+QEzqFEuuCQCCCf8wqQaOEauFL0LbYtk=",
        "owner": "colemickens",
        "repo": "nixpkgs-wayland",
        "rev": "e9fd7014324e91eff4817b5be09ec788af8dba83",
        "type": "github"
      },
      "original": {
        "owner": "colemickens",
        "repo": "nixpkgs-wayland",
        "type": "github"
      }
    },
    "nixpkgs_2": {
      "locked": {
        "lastModified": 1618477599,
        "narHash": "sha256-DPH93X3Hll/VotusfMKvAWwHZP/MfB5up5DNv3N+Hr4=",
        "owner": "NixOS",
        "repo": "nixpkgs",
        "rev": "22c7e4f3d9e1a08e9083d4df160322c8b1d9ee19",
        "type": "github"
      },
      "original": {
        "id": "nixpkgs",
        "type": "indirect"
      }
    },
    "nixpkgs_3": {
      "locked": {
        "lastModified": 1617176280,
        "narHash": "sha256-xW16eLmzxJuuhGHQoiDp6+iMGDuq49lKIlAuHLbAs0k=",
        "owner": "NixOS",
        "repo": "nixpkgs",
        "rev": "268aa0d37b85c9f146ff36127c28c04ad60dfc72",
        "type": "github"
      },
      "original": {
        "id": "nixpkgs",
        "type": "indirect"
      }
    },
    "nixpkgs_4": {
      "locked": {
        "lastModified": 1618251784,
        "narHash": "sha256-/IG7op2hUVnjzKt2UXL152+YsL0gdPakk6/RxondIJ0=",
        "owner": "nixos",
        "repo": "nixpkgs",
        "rev": "311ceed827f531f88f46222920cd1ebb2c101f73",
        "type": "github"
      },
      "original": {
        "owner": "nixos",
        "ref": "nixos-unstable",
        "repo": "nixpkgs",
        "type": "github"
      }
    },
    "nixpkgs_5": {
      "locked": {
        "lastModified": 1618251784,
        "narHash": "sha256-/IG7op2hUVnjzKt2UXL152+YsL0gdPakk6/RxondIJ0=",
        "owner": "nixos",
        "repo": "nixpkgs",
        "rev": "311ceed827f531f88f46222920cd1ebb2c101f73",
        "type": "github"
      },
      "original": {
        "owner": "nixos",
        "ref": "nixos-unstable",
        "repo": "nixpkgs",
        "type": "github"
      }
    },
    "nmd": {
      "flake": false,
      "locked": {
        "lastModified": 1591526120,
        "narHash": "sha256-srJ+qub7TdhBwQxnjDYY5qc/3180XG616u7Ft/a0vOI=",
        "owner": "rycee",
        "repo": "nmd",
        "rev": "f204dd1e1033c891a00ae53ae29bc275c68e54dd",
        "type": "gitlab"
      },
      "original": {
        "owner": "rycee",
        "repo": "nmd",
        "type": "gitlab"
      }
    },
    "root": {
      "inputs": {
        "all-agda": "all-agda",
        "home-manager": "home-manager",
        "master": "master",
        "nixmacs": "nixmacs",
        "nixpkgs": "nixpkgs_4",
        "nixpkgs-wayland": "nixpkgs-wayland"
      }
    },
    "unstableSmall": {
      "locked": {
        "lastModified": 1618388647,
        "narHash": "sha256-qs2LLMWfFI51MiSyt4azliM6tdBgaIonRqD7Oq8Nxjk=",
        "owner": "nixos",
        "repo": "nixpkgs",
        "rev": "b3d70196ea1b4586414122ae1aadff5c37ef9611",
        "type": "github"
      },
      "original": {
        "owner": "nixos",
        "ref": "nixos-unstable-small",
        "repo": "nixpkgs",
        "type": "github"
      }
    }
  },
  "root": "root",
  "version": 7
}
